
Microsoft Visual Studio Solution File, Format Version 12.00
# Visual Studio Version 17
VisualStudioVersion = 17.5.33530.505
MinimumVisualStudioVersion = 10.0.40219.1
Project("{888888A0-9F3D-457C-B088-3A5042F75D52}") = "NN_Model_Komposit_FWP", "NN_Model_Komposit_FWP.pyproj", "{BB6D7881-4F4F-4171-86DC-1A9DA4E93DE3}"
EndProject
Global
	GlobalSection(SolutionConfigurationPlatforms) = preSolution
		Debug|Any CPU = Debug|Any CPU
		Release|Any CPU = Release|Any CPU
	EndGlobalSection
	GlobalSection(ProjectConfigurationPlatforms) = postSolution
		{BB6D7881-4F4F-4171-86DC-1A9DA4E93DE3}.Debug|Any CPU.ActiveCfg = Debug|Any CPU
		{BB6D7881-4F4F-4171-86DC-1A9DA4E93DE3}.Debug|Any CPU.Build.0 = Debug|Any CPU
		{BB6D7881-4F4F-4171-86DC-1A9DA4E93DE3}.Release|Any CPU.ActiveCfg = Release|Any CPU
		{BB6D7881-4F4F-4171-86DC-1A9DA4E93DE3}.Release|Any CPU.Build.0 = Release|Any CPU
	EndGlobalSection
	GlobalSection(SolutionProperties) = preSolution
		HideSolutionNode = FALSE
	EndGlobalSection
	GlobalSection(ExtensibilityGlobals) = postSolution
		SolutionGuid = {AFD5E168-971B-4605-976F-A61164C1FDD2}
	EndGlobalSection
EndGlobal
